// !$*UTF8*$!
{
	archiveVersion = 1;
	classes = {
	};
	objectVersion = 56;
	objects = {

/* Begin PBXBuildFile section */
		485A843B2FC88B7EF6A394AD /* Pods_TvMazeTests.framework in Frameworks */ = {isa = PBXBuildFile; fileRef = 0375D36F72029B5597446137 /* Pods_TvMazeTests.framework */; };
		4B030D83299492CD000AE3AD /* Favorites.storyboard in Resources */ = {isa = PBXBuildFile; fileRef = 4B030D82299492CD000AE3AD /* Favorites.storyboard */; };
		4B030D852994954E000AE3AD /* FavoritesViewController.swift in Sources */ = {isa = PBXBuildFile; fileRef = 4B030D842994954E000AE3AD /* FavoritesViewController.swift */; };
		4B030D8729949556000AE3AD /* FavoritesViewModel.swift in Sources */ = {isa = PBXBuildFile; fileRef = 4B030D8629949556000AE3AD /* FavoritesViewModel.swift */; };
		4B030D8A29949586000AE3AD /* FavoriteRouter.swift in Sources */ = {isa = PBXBuildFile; fileRef = 4B030D8929949586000AE3AD /* FavoriteRouter.swift */; };
		4B030D8E29949800000AE3AD /* FavoritesUserDefaultsManager.swift in Sources */ = {isa = PBXBuildFile; fileRef = 4B030D8D29949800000AE3AD /* FavoritesUserDefaultsManager.swift */; };
		4B09D4272991C99300E01DE7 /* TvMazeService.swift in Sources */ = {isa = PBXBuildFile; fileRef = 4B09D4262991C99300E01DE7 /* TvMazeService.swift */; };
		4B09D42A2991CEEC00E01DE7 /* TvMazeShowModel.swift in Sources */ = {isa = PBXBuildFile; fileRef = 4B09D4292991CEEC00E01DE7 /* TvMazeShowModel.swift */; };
		4B4C88522992A5AD0042558D /* ShowDetailTableViewCell.swift in Sources */ = {isa = PBXBuildFile; fileRef = 4B4C88502992A5AD0042558D /* ShowDetailTableViewCell.swift */; };
		4B4C88532992A5AD0042558D /* ShowDetailTableViewCell.xib in Resources */ = {isa = PBXBuildFile; fileRef = 4B4C88512992A5AD0042558D /* ShowDetailTableViewCell.xib */; };
		4B4C88552992B2360042558D /* Reactive+UIViewController.swift in Sources */ = {isa = PBXBuildFile; fileRef = 4B4C88542992B2360042558D /* Reactive+UIViewController.swift */; };
		4B4C88572992DAA10042558D /* ShowDetailCellsDataSource.swift in Sources */ = {isa = PBXBuildFile; fileRef = 4B4C88562992DAA10042558D /* ShowDetailCellsDataSource.swift */; };
		4B66D4092991D56100963444 /* Shows.storyboard in Resources */ = {isa = PBXBuildFile; fileRef = 4B66D4082991D56100963444 /* Shows.storyboard */; };
		4B66D40C2991D6BF00963444 /* TvMazeStarter.swift in Sources */ = {isa = PBXBuildFile; fileRef = 4B66D40B2991D6BF00963444 /* TvMazeStarter.swift */; };
		4B66D40E2991D6F100963444 /* ShowsRouter.swift in Sources */ = {isa = PBXBuildFile; fileRef = 4B66D40D2991D6F100963444 /* ShowsRouter.swift */; };
		4B66D4102991DA9300963444 /* TvMazeShowListViewController.swift in Sources */ = {isa = PBXBuildFile; fileRef = 4B66D40F2991DA9300963444 /* TvMazeShowListViewController.swift */; };
		4B66D4122991DAA000963444 /* TvMazeShowListViewModel.swift in Sources */ = {isa = PBXBuildFile; fileRef = 4B66D4112991DAA000963444 /* TvMazeShowListViewModel.swift */; };
		4B66D4162991DB2A00963444 /* TvMazeViewModelProtocol.swift in Sources */ = {isa = PBXBuildFile; fileRef = 4B66D4152991DB2A00963444 /* TvMazeViewModelProtocol.swift */; };
		4B66D4182991DB3B00963444 /* TvMazeViewControllerProtocol.swift in Sources */ = {isa = PBXBuildFile; fileRef = 4B66D4172991DB3B00963444 /* TvMazeViewControllerProtocol.swift */; };
		4B66D41A2991DB4900963444 /* TvMazeLoadableViewModel.swift in Sources */ = {isa = PBXBuildFile; fileRef = 4B66D4192991DB4900963444 /* TvMazeLoadableViewModel.swift */; };
		4B66D41C2991DB5700963444 /* TvMazeBaseViewController.swift in Sources */ = {isa = PBXBuildFile; fileRef = 4B66D41B2991DB5700963444 /* TvMazeBaseViewController.swift */; };
		4B66D41E2991DB6100963444 /* TvMazeBaseViewModel.swift in Sources */ = {isa = PBXBuildFile; fileRef = 4B66D41D2991DB6100963444 /* TvMazeBaseViewModel.swift */; };
		4B66D4252991E82200963444 /* ShowListTableViewCell.swift in Sources */ = {isa = PBXBuildFile; fileRef = 4B66D4232991E82200963444 /* ShowListTableViewCell.swift */; };
		4B66D4262991E82200963444 /* ShowListTableViewCell.xib in Resources */ = {isa = PBXBuildFile; fileRef = 4B66D4242991E82200963444 /* ShowListTableViewCell.xib */; };
		4B66D4292991EE5200963444 /* UIImageViewExtensions.swift in Sources */ = {isa = PBXBuildFile; fileRef = 4B66D4282991EE5200963444 /* UIImageViewExtensions.swift */; };
		4B66D42C29921BD300963444 /* TvShowDetailViewController.swift in Sources */ = {isa = PBXBuildFile; fileRef = 4B66D42B29921BD300963444 /* TvShowDetailViewController.swift */; };
		4B66D42E29921C0400963444 /* TvShowDetailViewModel.swift in Sources */ = {isa = PBXBuildFile; fileRef = 4B66D42D29921C0400963444 /* TvShowDetailViewModel.swift */; };
		4BAC2EFC2992DC3200BE64E6 /* ShowDetailHeaderTableViewCell.swift in Sources */ = {isa = PBXBuildFile; fileRef = 4BAC2EFA2992DC3200BE64E6 /* ShowDetailHeaderTableViewCell.swift */; };
		4BAC2EFD2992DC3200BE64E6 /* ShowDetailHeaderTableViewCell.xib in Resources */ = {isa = PBXBuildFile; fileRef = 4BAC2EFB2992DC3200BE64E6 /* ShowDetailHeaderTableViewCell.xib */; };
		4BAC2EFF2992DEAA00BE64E6 /* String+DecodingExtension.swift in Sources */ = {isa = PBXBuildFile; fileRef = 4BAC2EFE2992DEAA00BE64E6 /* String+DecodingExtension.swift */; };
		4BAC2F022992EA8C00BE64E6 /* EpisodeDetailViewModel.swift in Sources */ = {isa = PBXBuildFile; fileRef = 4BAC2F012992EA8C00BE64E6 /* EpisodeDetailViewModel.swift */; };
		4BAC2F042992EA9A00BE64E6 /* EpisodeDetailViewController.swift in Sources */ = {isa = PBXBuildFile; fileRef = 4BAC2F032992EA9A00BE64E6 /* EpisodeDetailViewController.swift */; };
		4BAC2F08299353D500BE64E6 /* PeopleListViewController.swift in Sources */ = {isa = PBXBuildFile; fileRef = 4BAC2F07299353D500BE64E6 /* PeopleListViewController.swift */; };
		4BAC2F0A299353E600BE64E6 /* PeopleListViewModel.swift in Sources */ = {isa = PBXBuildFile; fileRef = 4BAC2F09299353E600BE64E6 /* PeopleListViewModel.swift */; };
		4BAC2F0D2993541000BE64E6 /* PeopleRouter.swift in Sources */ = {isa = PBXBuildFile; fileRef = 4BAC2F0C2993541000BE64E6 /* PeopleRouter.swift */; };
		4BAC2F0F299355DA00BE64E6 /* People.storyboard in Resources */ = {isa = PBXBuildFile; fileRef = 4BAC2F0E299355DA00BE64E6 /* People.storyboard */; };
		4BAC2F13299359C600BE64E6 /* PeopleTableViewCell.swift in Sources */ = {isa = PBXBuildFile; fileRef = 4BAC2F11299359C600BE64E6 /* PeopleTableViewCell.swift */; };
		4BAC2F14299359C600BE64E6 /* PeopleTableViewCell.xib in Resources */ = {isa = PBXBuildFile; fileRef = 4BAC2F12299359C600BE64E6 /* PeopleTableViewCell.xib */; };
		4BAC2F172993EA2800BE64E6 /* PersonDetailViewController.swift in Sources */ = {isa = PBXBuildFile; fileRef = 4BAC2F162993EA2800BE64E6 /* PersonDetailViewController.swift */; };
		4BAC2F192993EA3100BE64E6 /* PersonDetailViewModel.swift in Sources */ = {isa = PBXBuildFile; fileRef = 4BAC2F182993EA3100BE64E6 /* PersonDetailViewModel.swift */; };
		4BDD70DA2991C203001FA9D6 /* AppDelegate.swift in Sources */ = {isa = PBXBuildFile; fileRef = 4BDD70D92991C203001FA9D6 /* AppDelegate.swift */; };
		4BDD70E12991C203001FA9D6 /* Main.storyboard in Resources */ = {isa = PBXBuildFile; fileRef = 4BDD70DF2991C203001FA9D6 /* Main.storyboard */; };
		4BDD70E32991C205001FA9D6 /* Assets.xcassets in Resources */ = {isa = PBXBuildFile; fileRef = 4BDD70E22991C205001FA9D6 /* Assets.xcassets */; };
		4BDD70E62991C205001FA9D6 /* LaunchScreen.storyboard in Resources */ = {isa = PBXBuildFile; fileRef = 4BDD70E42991C205001FA9D6 /* LaunchScreen.storyboard */; };
		4BDD70F12991C205001FA9D6 /* TvMazeTests.swift in Sources */ = {isa = PBXBuildFile; fileRef = 4BDD70F02991C205001FA9D6 /* TvMazeTests.swift */; };
		4BDD70FB2991C205001FA9D6 /* TvMazeUITests.swift in Sources */ = {isa = PBXBuildFile; fileRef = 4BDD70FA2991C205001FA9D6 /* TvMazeUITests.swift */; };
		4BDD70FD2991C205001FA9D6 /* TvMazeUITestsLaunchTests.swift in Sources */ = {isa = PBXBuildFile; fileRef = 4BDD70FC2991C205001FA9D6 /* TvMazeUITestsLaunchTests.swift */; };
		4BF9CDE329952AE000DCE25C /* Reactive+UITableViewCell.swift in Sources */ = {isa = PBXBuildFile; fileRef = 4BF9CDE229952AE000DCE25C /* Reactive+UITableViewCell.swift */; };
		9C6815A50F7914474A3C22AC /* Pods_TvMaze.framework in Frameworks */ = {isa = PBXBuildFile; fileRef = 75503AB8F68DBE026F1B0670 /* Pods_TvMaze.framework */; };
		EAF02B63BAA1AC6594544044 /* Pods_TvMaze_TvMazeUITests.framework in Frameworks */ = {isa = PBXBuildFile; fileRef = 6B451A07B5082F98E02842A4 /* Pods_TvMaze_TvMazeUITests.framework */; };
/* End PBXBuildFile section */

/* Begin PBXContainerItemProxy section */
		4BDD70ED2991C205001FA9D6 /* PBXContainerItemProxy */ = {
			isa = PBXContainerItemProxy;
			containerPortal = 4BDD70CE2991C202001FA9D6 /* Project object */;
			proxyType = 1;
			remoteGlobalIDString = 4BDD70D52991C203001FA9D6;
			remoteInfo = TvMaze;
		};
		4BDD70F72991C205001FA9D6 /* PBXContainerItemProxy */ = {
			isa = PBXContainerItemProxy;
			containerPortal = 4BDD70CE2991C202001FA9D6 /* Project object */;
			proxyType = 1;
			remoteGlobalIDString = 4BDD70D52991C203001FA9D6;
			remoteInfo = TvMaze;
		};
/* End PBXContainerItemProxy section */

/* Begin PBXFileReference section */
		0375D36F72029B5597446137 /* Pods_TvMazeTests.framework */ = {isa = PBXFileReference; explicitFileType = wrapper.framework; includeInIndex = 0; path = Pods_TvMazeTests.framework; sourceTree = BUILT_PRODUCTS_DIR; };
		13C51A093B2CFA853EAEC78F /* Pods-TvMaze.debug.xcconfig */ = {isa = PBXFileReference; includeInIndex = 1; lastKnownFileType = text.xcconfig; name = "Pods-TvMaze.debug.xcconfig"; path = "Target Support Files/Pods-TvMaze/Pods-TvMaze.debug.xcconfig"; sourceTree = "<group>"; };
		4B030D82299492CD000AE3AD /* Favorites.storyboard */ = {isa = PBXFileReference; lastKnownFileType = file.storyboard; path = Favorites.storyboard; sourceTree = "<group>"; };
		4B030D842994954E000AE3AD /* FavoritesViewController.swift */ = {isa = PBXFileReference; lastKnownFileType = sourcecode.swift; path = FavoritesViewController.swift; sourceTree = "<group>"; };
		4B030D8629949556000AE3AD /* FavoritesViewModel.swift */ = {isa = PBXFileReference; lastKnownFileType = sourcecode.swift; path = FavoritesViewModel.swift; sourceTree = "<group>"; };
		4B030D8929949586000AE3AD /* FavoriteRouter.swift */ = {isa = PBXFileReference; lastKnownFileType = sourcecode.swift; path = FavoriteRouter.swift; sourceTree = "<group>"; };
		4B030D8D29949800000AE3AD /* FavoritesUserDefaultsManager.swift */ = {isa = PBXFileReference; lastKnownFileType = sourcecode.swift; path = FavoritesUserDefaultsManager.swift; sourceTree = "<group>"; };
		4B09D4262991C99300E01DE7 /* TvMazeService.swift */ = {isa = PBXFileReference; lastKnownFileType = sourcecode.swift; path = TvMazeService.swift; sourceTree = "<group>"; };
		4B09D4292991CEEC00E01DE7 /* TvMazeShowModel.swift */ = {isa = PBXFileReference; lastKnownFileType = sourcecode.swift; path = TvMazeShowModel.swift; sourceTree = "<group>"; };
		4B4C88502992A5AD0042558D /* ShowDetailTableViewCell.swift */ = {isa = PBXFileReference; lastKnownFileType = sourcecode.swift; path = ShowDetailTableViewCell.swift; sourceTree = "<group>"; };
		4B4C88512992A5AD0042558D /* ShowDetailTableViewCell.xib */ = {isa = PBXFileReference; lastKnownFileType = file.xib; path = ShowDetailTableViewCell.xib; sourceTree = "<group>"; };
		4B4C88542992B2360042558D /* Reactive+UIViewController.swift */ = {isa = PBXFileReference; lastKnownFileType = sourcecode.swift; path = "Reactive+UIViewController.swift"; sourceTree = "<group>"; };
		4B4C88562992DAA10042558D /* ShowDetailCellsDataSource.swift */ = {isa = PBXFileReference; lastKnownFileType = sourcecode.swift; path = ShowDetailCellsDataSource.swift; sourceTree = "<group>"; };
		4B66D4082991D56100963444 /* Shows.storyboard */ = {isa = PBXFileReference; lastKnownFileType = file.storyboard; path = Shows.storyboard; sourceTree = "<group>"; };
		4B66D40B2991D6BF00963444 /* TvMazeStarter.swift */ = {isa = PBXFileReference; lastKnownFileType = sourcecode.swift; path = TvMazeStarter.swift; sourceTree = "<group>"; };
		4B66D40D2991D6F100963444 /* ShowsRouter.swift */ = {isa = PBXFileReference; lastKnownFileType = sourcecode.swift; path = ShowsRouter.swift; sourceTree = "<group>"; };
		4B66D40F2991DA9300963444 /* TvMazeShowListViewController.swift */ = {isa = PBXFileReference; lastKnownFileType = sourcecode.swift; path = TvMazeShowListViewController.swift; sourceTree = "<group>"; };
		4B66D4112991DAA000963444 /* TvMazeShowListViewModel.swift */ = {isa = PBXFileReference; lastKnownFileType = sourcecode.swift; path = TvMazeShowListViewModel.swift; sourceTree = "<group>"; };
		4B66D4152991DB2A00963444 /* TvMazeViewModelProtocol.swift */ = {isa = PBXFileReference; lastKnownFileType = sourcecode.swift; path = TvMazeViewModelProtocol.swift; sourceTree = "<group>"; };
		4B66D4172991DB3B00963444 /* TvMazeViewControllerProtocol.swift */ = {isa = PBXFileReference; lastKnownFileType = sourcecode.swift; path = TvMazeViewControllerProtocol.swift; sourceTree = "<group>"; };
		4B66D4192991DB4900963444 /* TvMazeLoadableViewModel.swift */ = {isa = PBXFileReference; lastKnownFileType = sourcecode.swift; path = TvMazeLoadableViewModel.swift; sourceTree = "<group>"; };
		4B66D41B2991DB5700963444 /* TvMazeBaseViewController.swift */ = {isa = PBXFileReference; lastKnownFileType = sourcecode.swift; path = TvMazeBaseViewController.swift; sourceTree = "<group>"; };
		4B66D41D2991DB6100963444 /* TvMazeBaseViewModel.swift */ = {isa = PBXFileReference; lastKnownFileType = sourcecode.swift; path = TvMazeBaseViewModel.swift; sourceTree = "<group>"; };
		4B66D4232991E82200963444 /* ShowListTableViewCell.swift */ = {isa = PBXFileReference; lastKnownFileType = sourcecode.swift; path = ShowListTableViewCell.swift; sourceTree = "<group>"; };
		4B66D4242991E82200963444 /* ShowListTableViewCell.xib */ = {isa = PBXFileReference; lastKnownFileType = file.xib; path = ShowListTableViewCell.xib; sourceTree = "<group>"; };
		4B66D4282991EE5200963444 /* UIImageViewExtensions.swift */ = {isa = PBXFileReference; lastKnownFileType = sourcecode.swift; path = UIImageViewExtensions.swift; sourceTree = "<group>"; };
		4B66D42B29921BD300963444 /* TvShowDetailViewController.swift */ = {isa = PBXFileReference; lastKnownFileType = sourcecode.swift; path = TvShowDetailViewController.swift; sourceTree = "<group>"; };
		4B66D42D29921C0400963444 /* TvShowDetailViewModel.swift */ = {isa = PBXFileReference; lastKnownFileType = sourcecode.swift; path = TvShowDetailViewModel.swift; sourceTree = "<group>"; };
		4BAC2EFA2992DC3200BE64E6 /* ShowDetailHeaderTableViewCell.swift */ = {isa = PBXFileReference; lastKnownFileType = sourcecode.swift; path = ShowDetailHeaderTableViewCell.swift; sourceTree = "<group>"; };
		4BAC2EFB2992DC3200BE64E6 /* ShowDetailHeaderTableViewCell.xib */ = {isa = PBXFileReference; lastKnownFileType = file.xib; path = ShowDetailHeaderTableViewCell.xib; sourceTree = "<group>"; };
		4BAC2EFE2992DEAA00BE64E6 /* String+DecodingExtension.swift */ = {isa = PBXFileReference; lastKnownFileType = sourcecode.swift; path = "String+DecodingExtension.swift"; sourceTree = "<group>"; };
		4BAC2F012992EA8C00BE64E6 /* EpisodeDetailViewModel.swift */ = {isa = PBXFileReference; lastKnownFileType = sourcecode.swift; path = EpisodeDetailViewModel.swift; sourceTree = "<group>"; };
		4BAC2F032992EA9A00BE64E6 /* EpisodeDetailViewController.swift */ = {isa = PBXFileReference; lastKnownFileType = sourcecode.swift; path = EpisodeDetailViewController.swift; sourceTree = "<group>"; };
		4BAC2F07299353D500BE64E6 /* PeopleListViewController.swift */ = {isa = PBXFileReference; lastKnownFileType = sourcecode.swift; path = PeopleListViewController.swift; sourceTree = "<group>"; };
		4BAC2F09299353E600BE64E6 /* PeopleListViewModel.swift */ = {isa = PBXFileReference; lastKnownFileType = sourcecode.swift; path = PeopleListViewModel.swift; sourceTree = "<group>"; };
		4BAC2F0C2993541000BE64E6 /* PeopleRouter.swift */ = {isa = PBXFileReference; lastKnownFileType = sourcecode.swift; path = PeopleRouter.swift; sourceTree = "<group>"; };
		4BAC2F0E299355DA00BE64E6 /* People.storyboard */ = {isa = PBXFileReference; lastKnownFileType = file.storyboard; path = People.storyboard; sourceTree = "<group>"; };
		4BAC2F11299359C600BE64E6 /* PeopleTableViewCell.swift */ = {isa = PBXFileReference; lastKnownFileType = sourcecode.swift; path = PeopleTableViewCell.swift; sourceTree = "<group>"; };
		4BAC2F12299359C600BE64E6 /* PeopleTableViewCell.xib */ = {isa = PBXFileReference; lastKnownFileType = file.xib; path = PeopleTableViewCell.xib; sourceTree = "<group>"; };
		4BAC2F162993EA2800BE64E6 /* PersonDetailViewController.swift */ = {isa = PBXFileReference; lastKnownFileType = sourcecode.swift; path = PersonDetailViewController.swift; sourceTree = "<group>"; };
		4BAC2F182993EA3100BE64E6 /* PersonDetailViewModel.swift */ = {isa = PBXFileReference; lastKnownFileType = sourcecode.swift; path = PersonDetailViewModel.swift; sourceTree = "<group>"; };
		4BDD70D62991C203001FA9D6 /* TvMaze.app */ = {isa = PBXFileReference; explicitFileType = wrapper.application; includeInIndex = 0; path = TvMaze.app; sourceTree = BUILT_PRODUCTS_DIR; };
		4BDD70D92991C203001FA9D6 /* AppDelegate.swift */ = {isa = PBXFileReference; lastKnownFileType = sourcecode.swift; path = AppDelegate.swift; sourceTree = "<group>"; };
		4BDD70E02991C203001FA9D6 /* Base */ = {isa = PBXFileReference; lastKnownFileType = file.storyboard; name = Base; path = Base.lproj/Main.storyboard; sourceTree = "<group>"; };
		4BDD70E22991C205001FA9D6 /* Assets.xcassets */ = {isa = PBXFileReference; lastKnownFileType = folder.assetcatalog; path = Assets.xcassets; sourceTree = "<group>"; };
		4BDD70E52991C205001FA9D6 /* Base */ = {isa = PBXFileReference; lastKnownFileType = file.storyboard; name = Base; path = Base.lproj/LaunchScreen.storyboard; sourceTree = "<group>"; };
		4BDD70E72991C205001FA9D6 /* Info.plist */ = {isa = PBXFileReference; lastKnownFileType = text.plist.xml; path = Info.plist; sourceTree = "<group>"; };
		4BDD70EC2991C205001FA9D6 /* TvMazeTests.xctest */ = {isa = PBXFileReference; explicitFileType = wrapper.cfbundle; includeInIndex = 0; path = TvMazeTests.xctest; sourceTree = BUILT_PRODUCTS_DIR; };
		4BDD70F02991C205001FA9D6 /* TvMazeTests.swift */ = {isa = PBXFileReference; lastKnownFileType = sourcecode.swift; path = TvMazeTests.swift; sourceTree = "<group>"; };
		4BDD70F62991C205001FA9D6 /* TvMazeUITests.xctest */ = {isa = PBXFileReference; explicitFileType = wrapper.cfbundle; includeInIndex = 0; path = TvMazeUITests.xctest; sourceTree = BUILT_PRODUCTS_DIR; };
		4BDD70FA2991C205001FA9D6 /* TvMazeUITests.swift */ = {isa = PBXFileReference; lastKnownFileType = sourcecode.swift; path = TvMazeUITests.swift; sourceTree = "<group>"; };
		4BDD70FC2991C205001FA9D6 /* TvMazeUITestsLaunchTests.swift */ = {isa = PBXFileReference; lastKnownFileType = sourcecode.swift; path = TvMazeUITestsLaunchTests.swift; sourceTree = "<group>"; };
		4BF9CDE229952AE000DCE25C /* Reactive+UITableViewCell.swift */ = {isa = PBXFileReference; lastKnownFileType = sourcecode.swift; path = "Reactive+UITableViewCell.swift"; sourceTree = "<group>"; };
		6B451A07B5082F98E02842A4 /* Pods_TvMaze_TvMazeUITests.framework */ = {isa = PBXFileReference; explicitFileType = wrapper.framework; includeInIndex = 0; path = Pods_TvMaze_TvMazeUITests.framework; sourceTree = BUILT_PRODUCTS_DIR; };
		75503AB8F68DBE026F1B0670 /* Pods_TvMaze.framework */ = {isa = PBXFileReference; explicitFileType = wrapper.framework; includeInIndex = 0; path = Pods_TvMaze.framework; sourceTree = BUILT_PRODUCTS_DIR; };
		81D06E82FE36DC26565E0FF3 /* Pods-TvMaze-TvMazeUITests.release.xcconfig */ = {isa = PBXFileReference; includeInIndex = 1; lastKnownFileType = text.xcconfig; name = "Pods-TvMaze-TvMazeUITests.release.xcconfig"; path = "Target Support Files/Pods-TvMaze-TvMazeUITests/Pods-TvMaze-TvMazeUITests.release.xcconfig"; sourceTree = "<group>"; };
		9A03FB72DC26E0B69B5ADCA7 /* Pods-TvMazeTests.debug.xcconfig */ = {isa = PBXFileReference; includeInIndex = 1; lastKnownFileType = text.xcconfig; name = "Pods-TvMazeTests.debug.xcconfig"; path = "Target Support Files/Pods-TvMazeTests/Pods-TvMazeTests.debug.xcconfig"; sourceTree = "<group>"; };
		C808180CEF5E463913A32FD2 /* Pods-TvMazeTests.release.xcconfig */ = {isa = PBXFileReference; includeInIndex = 1; lastKnownFileType = text.xcconfig; name = "Pods-TvMazeTests.release.xcconfig"; path = "Target Support Files/Pods-TvMazeTests/Pods-TvMazeTests.release.xcconfig"; sourceTree = "<group>"; };
		DAE3036D3BC0653094EB3039 /* Pods-TvMaze-TvMazeUITests.debug.xcconfig */ = {isa = PBXFileReference; includeInIndex = 1; lastKnownFileType = text.xcconfig; name = "Pods-TvMaze-TvMazeUITests.debug.xcconfig"; path = "Target Support Files/Pods-TvMaze-TvMazeUITests/Pods-TvMaze-TvMazeUITests.debug.xcconfig"; sourceTree = "<group>"; };
		E5E3BB034C3A29DDACD69C28 /* Pods-TvMaze.release.xcconfig */ = {isa = PBXFileReference; includeInIndex = 1; lastKnownFileType = text.xcconfig; name = "Pods-TvMaze.release.xcconfig"; path = "Target Support Files/Pods-TvMaze/Pods-TvMaze.release.xcconfig"; sourceTree = "<group>"; };
/* End PBXFileReference section */

/* Begin PBXFrameworksBuildPhase section */
		4BDD70D32991C203001FA9D6 /* Frameworks */ = {
			isa = PBXFrameworksBuildPhase;
			buildActionMask = 2147483647;
			files = (
				9C6815A50F7914474A3C22AC /* Pods_TvMaze.framework in Frameworks */,
			);
			runOnlyForDeploymentPostprocessing = 0;
		};
		4BDD70E92991C205001FA9D6 /* Frameworks */ = {
			isa = PBXFrameworksBuildPhase;
			buildActionMask = 2147483647;
			files = (
				485A843B2FC88B7EF6A394AD /* Pods_TvMazeTests.framework in Frameworks */,
			);
			runOnlyForDeploymentPostprocessing = 0;
		};
		4BDD70F32991C205001FA9D6 /* Frameworks */ = {
			isa = PBXFrameworksBuildPhase;
			buildActionMask = 2147483647;
			files = (
				EAF02B63BAA1AC6594544044 /* Pods_TvMaze_TvMazeUITests.framework in Frameworks */,
			);
			runOnlyForDeploymentPostprocessing = 0;
		};
/* End PBXFrameworksBuildPhase section */

/* Begin PBXGroup section */
		4B030D81299492B7000AE3AD /* Favorites */ = {
			isa = PBXGroup;
			children = (
				4B030D82299492CD000AE3AD /* Favorites.storyboard */,
				4B030D842994954E000AE3AD /* FavoritesViewController.swift */,
				4B030D8629949556000AE3AD /* FavoritesViewModel.swift */,
			);
			path = Favorites;
			sourceTree = "<group>";
		};
		4B030D8829949578000AE3AD /* FavoriteRouter */ = {
			isa = PBXGroup;
			children = (
				4B030D8929949586000AE3AD /* FavoriteRouter.swift */,
			);
			path = FavoriteRouter;
			sourceTree = "<group>";
		};
		4B030D8B299497BF000AE3AD /* Network */ = {
			isa = PBXGroup;
			children = (
				4B09D4262991C99300E01DE7 /* TvMazeService.swift */,
			);
			path = Network;
			sourceTree = "<group>";
		};
		4B030D8C299497C8000AE3AD /* Local */ = {
			isa = PBXGroup;
			children = (
				4B030D8D29949800000AE3AD /* FavoritesUserDefaultsManager.swift */,
			);
			path = Local;
			sourceTree = "<group>";
		};
		4B09D4252991C84800E01DE7 /* Data */ = {
			isa = PBXGroup;
			children = (
				4B030D8C299497C8000AE3AD /* Local */,
				4B030D8B299497BF000AE3AD /* Network */,
			);
			path = Data;
			sourceTree = "<group>";
		};
		4B09D4282991CEDC00E01DE7 /* Models */ = {
			isa = PBXGroup;
			children = (
				4B09D4292991CEEC00E01DE7 /* TvMazeShowModel.swift */,
			);
			path = Models;
			sourceTree = "<group>";
		};
		4B09D42B2991D30300E01DE7 /* UI */ = {
			isa = PBXGroup;
			children = (
				4B66D40A2991D6AA00963444 /* Router */,
				4BDD70DF2991C203001FA9D6 /* Main.storyboard */,
				4B09D42C2991D32D00E01DE7 /* TVShows */,
				4BAC2F05299353B300BE64E6 /* People */,
				4B030D81299492B7000AE3AD /* Favorites */,
			);
			path = UI;
			sourceTree = "<group>";
		};
		4B09D42C2991D32D00E01DE7 /* TVShows */ = {
			isa = PBXGroup;
			children = (
				4B66D4082991D56100963444 /* Shows.storyboard */,
				4B66D4072991D54A00963444 /* ShowsList */,
				4B66D42A29921B9D00963444 /* TVShowDetail */,
				4BAC2F002992EA7900BE64E6 /* EpisodeDetail */,
			);
			path = TVShows;
			sourceTree = "<group>";
		};
		4B4C884F2992A5990042558D /* Cells */ = {
			isa = PBXGroup;
			children = (
				4B4C88562992DAA10042558D /* ShowDetailCellsDataSource.swift */,
				4B4C885D2992DBD20042558D /* Header */,
				4B4C88582992DBB50042558D /* Episodes */,
			);
			path = Cells;
			sourceTree = "<group>";
		};
		4B4C88582992DBB50042558D /* Episodes */ = {
			isa = PBXGroup;
			children = (
				4B4C88502992A5AD0042558D /* ShowDetailTableViewCell.swift */,
				4B4C88512992A5AD0042558D /* ShowDetailTableViewCell.xib */,
			);
			path = Episodes;
			sourceTree = "<group>";
		};
		4B4C885D2992DBD20042558D /* Header */ = {
			isa = PBXGroup;
			children = (
				4BAC2EFA2992DC3200BE64E6 /* ShowDetailHeaderTableViewCell.swift */,
				4BAC2EFB2992DC3200BE64E6 /* ShowDetailHeaderTableViewCell.xib */,
			);
			path = Header;
			sourceTree = "<group>";
		};
		4B66D4072991D54A00963444 /* ShowsList */ = {
			isa = PBXGroup;
			children = (
				4B66D4202991E7DC00963444 /* Cells */,
				4B66D40F2991DA9300963444 /* TvMazeShowListViewController.swift */,
				4B66D4112991DAA000963444 /* TvMazeShowListViewModel.swift */,
			);
			path = ShowsList;
			sourceTree = "<group>";
		};
		4B66D40A2991D6AA00963444 /* Router */ = {
			isa = PBXGroup;
			children = (
				4B030D8829949578000AE3AD /* FavoriteRouter */,
				4BAC2F0B2993540600BE64E6 /* People */,
				4B66D41F2991DDAE00963444 /* Shows */,
				4B66D40B2991D6BF00963444 /* TvMazeStarter.swift */,
			);
			path = Router;
			sourceTree = "<group>";
		};
		4B66D4132991DAF400963444 /* BaseProtocols */ = {
			isa = PBXGroup;
			children = (
				4B66D4142991DB1A00963444 /* Protocols */,
				4B66D41B2991DB5700963444 /* TvMazeBaseViewController.swift */,
				4B66D41D2991DB6100963444 /* TvMazeBaseViewModel.swift */,
			);
			path = BaseProtocols;
			sourceTree = "<group>";
		};
		4B66D4142991DB1A00963444 /* Protocols */ = {
			isa = PBXGroup;
			children = (
				4B66D4152991DB2A00963444 /* TvMazeViewModelProtocol.swift */,
				4B66D4172991DB3B00963444 /* TvMazeViewControllerProtocol.swift */,
				4B66D4192991DB4900963444 /* TvMazeLoadableViewModel.swift */,
			);
			path = Protocols;
			sourceTree = "<group>";
		};
		4B66D41F2991DDAE00963444 /* Shows */ = {
			isa = PBXGroup;
			children = (
				4B66D40D2991D6F100963444 /* ShowsRouter.swift */,
			);
			path = Shows;
			sourceTree = "<group>";
		};
		4B66D4202991E7DC00963444 /* Cells */ = {
			isa = PBXGroup;
			children = (
				4B66D4232991E82200963444 /* ShowListTableViewCell.swift */,
				4B66D4242991E82200963444 /* ShowListTableViewCell.xib */,
			);
			path = Cells;
			sourceTree = "<group>";
		};
		4B66D4272991EE4400963444 /* Extensions */ = {
			isa = PBXGroup;
			children = (
				4B66D4282991EE5200963444 /* UIImageViewExtensions.swift */,
				4B4C88542992B2360042558D /* Reactive+UIViewController.swift */,
				4BAC2EFE2992DEAA00BE64E6 /* String+DecodingExtension.swift */,
				4BF9CDE229952AE000DCE25C /* Reactive+UITableViewCell.swift */,
			);
			path = Extensions;
			sourceTree = "<group>";
		};
		4B66D42A29921B9D00963444 /* TVShowDetail */ = {
			isa = PBXGroup;
			children = (
				4B4C884F2992A5990042558D /* Cells */,
				4B66D42B29921BD300963444 /* TvShowDetailViewController.swift */,
				4B66D42D29921C0400963444 /* TvShowDetailViewModel.swift */,
			);
			path = TVShowDetail;
			sourceTree = "<group>";
		};
		4BAC2F002992EA7900BE64E6 /* EpisodeDetail */ = {
			isa = PBXGroup;
			children = (
				4BAC2F032992EA9A00BE64E6 /* EpisodeDetailViewController.swift */,
				4BAC2F012992EA8C00BE64E6 /* EpisodeDetailViewModel.swift */,
			);
			path = EpisodeDetail;
			sourceTree = "<group>";
		};
		4BAC2F05299353B300BE64E6 /* People */ = {
			isa = PBXGroup;
			children = (
				4BAC2F0E299355DA00BE64E6 /* People.storyboard */,
				4BAC2F06299353C200BE64E6 /* PeopleList */,
				4BAC2F152993E96E00BE64E6 /* PersonDetail */,
			);
			path = People;
			sourceTree = "<group>";
		};
		4BAC2F06299353C200BE64E6 /* PeopleList */ = {
			isa = PBXGroup;
			children = (
				4BAC2F10299359B900BE64E6 /* Cells */,
				4BAC2F07299353D500BE64E6 /* PeopleListViewController.swift */,
				4BAC2F09299353E600BE64E6 /* PeopleListViewModel.swift */,
			);
			path = PeopleList;
			sourceTree = "<group>";
		};
		4BAC2F0B2993540600BE64E6 /* People */ = {
			isa = PBXGroup;
			children = (
				4BAC2F0C2993541000BE64E6 /* PeopleRouter.swift */,
			);
			path = People;
			sourceTree = "<group>";
		};
		4BAC2F10299359B900BE64E6 /* Cells */ = {
			isa = PBXGroup;
			children = (
				4BAC2F11299359C600BE64E6 /* PeopleTableViewCell.swift */,
				4BAC2F12299359C600BE64E6 /* PeopleTableViewCell.xib */,
			);
			path = Cells;
			sourceTree = "<group>";
		};
		4BAC2F152993E96E00BE64E6 /* PersonDetail */ = {
			isa = PBXGroup;
			children = (
				4BAC2F162993EA2800BE64E6 /* PersonDetailViewController.swift */,
				4BAC2F182993EA3100BE64E6 /* PersonDetailViewModel.swift */,
			);
			path = PersonDetail;
			sourceTree = "<group>";
		};
		4BDD70CD2991C202001FA9D6 = {
			isa = PBXGroup;
			children = (
				4BDD70D82991C203001FA9D6 /* TvMaze */,
				4BDD70EF2991C205001FA9D6 /* TvMazeTests */,
				4BDD70F92991C205001FA9D6 /* TvMazeUITests */,
				4BDD70D72991C203001FA9D6 /* Products */,
				E514194313673F3EFA260C6D /* Pods */,
				8B9DC80E585B2FD223F974FC /* Frameworks */,
			);
			sourceTree = "<group>";
		};
		4BDD70D72991C203001FA9D6 /* Products */ = {
			isa = PBXGroup;
			children = (
				4BDD70D62991C203001FA9D6 /* TvMaze.app */,
				4BDD70EC2991C205001FA9D6 /* TvMazeTests.xctest */,
				4BDD70F62991C205001FA9D6 /* TvMazeUITests.xctest */,
			);
			name = Products;
			sourceTree = "<group>";
		};
		4BDD70D82991C203001FA9D6 /* TvMaze */ = {
			isa = PBXGroup;
			children = (
				4B66D4272991EE4400963444 /* Extensions */,
				4B66D4132991DAF400963444 /* BaseProtocols */,
				4B09D4282991CEDC00E01DE7 /* Models */,
				4B09D4252991C84800E01DE7 /* Data */,
				4B09D42B2991D30300E01DE7 /* UI */,
				4BDD70D92991C203001FA9D6 /* AppDelegate.swift */,
				4BDD70E22991C205001FA9D6 /* Assets.xcassets */,
				4BDD70E42991C205001FA9D6 /* LaunchScreen.storyboard */,
				4BDD70E72991C205001FA9D6 /* Info.plist */,
			);
			path = TvMaze;
			sourceTree = "<group>";
		};
		4BDD70EF2991C205001FA9D6 /* TvMazeTests */ = {
			isa = PBXGroup;
			children = (
				4BDD70F02991C205001FA9D6 /* TvMazeTests.swift */,
			);
			path = TvMazeTests;
			sourceTree = "<group>";
		};
		4BDD70F92991C205001FA9D6 /* TvMazeUITests */ = {
			isa = PBXGroup;
			children = (
				4BDD70FA2991C205001FA9D6 /* TvMazeUITests.swift */,
				4BDD70FC2991C205001FA9D6 /* TvMazeUITestsLaunchTests.swift */,
			);
			path = TvMazeUITests;
			sourceTree = "<group>";
		};
		8B9DC80E585B2FD223F974FC /* Frameworks */ = {
			isa = PBXGroup;
			children = (
				75503AB8F68DBE026F1B0670 /* Pods_TvMaze.framework */,
				6B451A07B5082F98E02842A4 /* Pods_TvMaze_TvMazeUITests.framework */,
				0375D36F72029B5597446137 /* Pods_TvMazeTests.framework */,
			);
			name = Frameworks;
			sourceTree = "<group>";
		};
		E514194313673F3EFA260C6D /* Pods */ = {
			isa = PBXGroup;
			children = (
				13C51A093B2CFA853EAEC78F /* Pods-TvMaze.debug.xcconfig */,
				E5E3BB034C3A29DDACD69C28 /* Pods-TvMaze.release.xcconfig */,
				DAE3036D3BC0653094EB3039 /* Pods-TvMaze-TvMazeUITests.debug.xcconfig */,
				81D06E82FE36DC26565E0FF3 /* Pods-TvMaze-TvMazeUITests.release.xcconfig */,
				9A03FB72DC26E0B69B5ADCA7 /* Pods-TvMazeTests.debug.xcconfig */,
				C808180CEF5E463913A32FD2 /* Pods-TvMazeTests.release.xcconfig */,
			);
			path = Pods;
			sourceTree = "<group>";
		};
/* End PBXGroup section */

/* Begin PBXNativeTarget section */
		4BDD70D52991C203001FA9D6 /* TvMaze */ = {
			isa = PBXNativeTarget;
			buildConfigurationList = 4BDD71002991C205001FA9D6 /* Build configuration list for PBXNativeTarget "TvMaze" */;
			buildPhases = (
				F7B2B18CBFBDC1ABD9C766F2 /* [CP] Check Pods Manifest.lock */,
				4BDD70D22991C203001FA9D6 /* Sources */,
				4BDD70D32991C203001FA9D6 /* Frameworks */,
				4BDD70D42991C203001FA9D6 /* Resources */,
				873B5C8E53777C393A167F2E /* [CP] Embed Pods Frameworks */,
			);
			buildRules = (
			);
			dependencies = (
			);
			name = TvMaze;
			productName = TvMaze;
			productReference = 4BDD70D62991C203001FA9D6 /* TvMaze.app */;
			productType = "com.apple.product-type.application";
		};
		4BDD70EB2991C205001FA9D6 /* TvMazeTests */ = {
			isa = PBXNativeTarget;
			buildConfigurationList = 4BDD71032991C205001FA9D6 /* Build configuration list for PBXNativeTarget "TvMazeTests" */;
			buildPhases = (
				4307DA2E3753AEBA6512036F /* [CP] Check Pods Manifest.lock */,
				4BDD70E82991C205001FA9D6 /* Sources */,
				4BDD70E92991C205001FA9D6 /* Frameworks */,
				4BDD70EA2991C205001FA9D6 /* Resources */,
				F94D9AC9F5A8F4A12EC99F13 /* [CP] Embed Pods Frameworks */,
			);
			buildRules = (
			);
			dependencies = (
				4BDD70EE2991C205001FA9D6 /* PBXTargetDependency */,
			);
			name = TvMazeTests;
			productName = TvMazeTests;
			productReference = 4BDD70EC2991C205001FA9D6 /* TvMazeTests.xctest */;
			productType = "com.apple.product-type.bundle.unit-test";
		};
		4BDD70F52991C205001FA9D6 /* TvMazeUITests */ = {
			isa = PBXNativeTarget;
			buildConfigurationList = 4BDD71062991C205001FA9D6 /* Build configuration list for PBXNativeTarget "TvMazeUITests" */;
			buildPhases = (
				0CD41C1BF285CE709175297B /* [CP] Check Pods Manifest.lock */,
				4BDD70F22991C205001FA9D6 /* Sources */,
				4BDD70F32991C205001FA9D6 /* Frameworks */,
				4BDD70F42991C205001FA9D6 /* Resources */,
				0B59FDE9410FE5725AA1ED6B /* [CP] Embed Pods Frameworks */,
			);
			buildRules = (
			);
			dependencies = (
				4BDD70F82991C205001FA9D6 /* PBXTargetDependency */,
			);
			name = TvMazeUITests;
			productName = TvMazeUITests;
			productReference = 4BDD70F62991C205001FA9D6 /* TvMazeUITests.xctest */;
			productType = "com.apple.product-type.bundle.ui-testing";
		};
/* End PBXNativeTarget section */

/* Begin PBXProject section */
		4BDD70CE2991C202001FA9D6 /* Project object */ = {
			isa = PBXProject;
			attributes = {
				BuildIndependentTargetsInParallel = 1;
				LastSwiftUpdateCheck = 1400;
				LastUpgradeCheck = 1400;
				TargetAttributes = {
					4BDD70D52991C203001FA9D6 = {
						CreatedOnToolsVersion = 14.0;
					};
					4BDD70EB2991C205001FA9D6 = {
						CreatedOnToolsVersion = 14.0;
						TestTargetID = 4BDD70D52991C203001FA9D6;
					};
					4BDD70F52991C205001FA9D6 = {
						CreatedOnToolsVersion = 14.0;
						TestTargetID = 4BDD70D52991C203001FA9D6;
					};
				};
			};
			buildConfigurationList = 4BDD70D12991C202001FA9D6 /* Build configuration list for PBXProject "TvMaze" */;
			compatibilityVersion = "Xcode 14.0";
			developmentRegion = en;
			hasScannedForEncodings = 0;
			knownRegions = (
				en,
				Base,
			);
			mainGroup = 4BDD70CD2991C202001FA9D6;
			productRefGroup = 4BDD70D72991C203001FA9D6 /* Products */;
			projectDirPath = "";
			projectRoot = "";
			targets = (
				4BDD70D52991C203001FA9D6 /* TvMaze */,
				4BDD70EB2991C205001FA9D6 /* TvMazeTests */,
				4BDD70F52991C205001FA9D6 /* TvMazeUITests */,
			);
		};
/* End PBXProject section */

/* Begin PBXResourcesBuildPhase section */
		4BDD70D42991C203001FA9D6 /* Resources */ = {
			isa = PBXResourcesBuildPhase;
			buildActionMask = 2147483647;
			files = (
				4B66D4262991E82200963444 /* ShowListTableViewCell.xib in Resources */,
				4BAC2EFD2992DC3200BE64E6 /* ShowDetailHeaderTableViewCell.xib in Resources */,
				4BAC2F14299359C600BE64E6 /* PeopleTableViewCell.xib in Resources */,
				4BDD70E62991C205001FA9D6 /* LaunchScreen.storyboard in Resources */,
				4B030D83299492CD000AE3AD /* Favorites.storyboard in Resources */,
				4BDD70E32991C205001FA9D6 /* Assets.xcassets in Resources */,
				4BDD70E12991C203001FA9D6 /* Main.storyboard in Resources */,
				4BAC2F0F299355DA00BE64E6 /* People.storyboard in Resources */,
				4B66D4092991D56100963444 /* Shows.storyboard in Resources */,
				4B4C88532992A5AD0042558D /* ShowDetailTableViewCell.xib in Resources */,
			);
			runOnlyForDeploymentPostprocessing = 0;
		};
		4BDD70EA2991C205001FA9D6 /* Resources */ = {
			isa = PBXResourcesBuildPhase;
			buildActionMask = 2147483647;
			files = (
			);
			runOnlyForDeploymentPostprocessing = 0;
		};
		4BDD70F42991C205001FA9D6 /* Resources */ = {
			isa = PBXResourcesBuildPhase;
			buildActionMask = 2147483647;
			files = (
			);
			runOnlyForDeploymentPostprocessing = 0;
		};
/* End PBXResourcesBuildPhase section */

/* Begin PBXShellScriptBuildPhase section */
		0B59FDE9410FE5725AA1ED6B /* [CP] Embed Pods Frameworks */ = {
			isa = PBXShellScriptBuildPhase;
			buildActionMask = 2147483647;
			files = (
			);
			inputFileListPaths = (
				"${PODS_ROOT}/Target Support Files/Pods-TvMaze-TvMazeUITests/Pods-TvMaze-TvMazeUITests-frameworks-${CONFIGURATION}-input-files.xcfilelist",
			);
			name = "[CP] Embed Pods Frameworks";
			outputFileListPaths = (
				"${PODS_ROOT}/Target Support Files/Pods-TvMaze-TvMazeUITests/Pods-TvMaze-TvMazeUITests-frameworks-${CONFIGURATION}-output-files.xcfilelist",
			);
			runOnlyForDeploymentPostprocessing = 0;
			shellPath = /bin/sh;
			shellScript = "\"${PODS_ROOT}/Target Support Files/Pods-TvMaze-TvMazeUITests/Pods-TvMaze-TvMazeUITests-frameworks.sh\"\n";
			showEnvVarsInLog = 0;
		};
		0CD41C1BF285CE709175297B /* [CP] Check Pods Manifest.lock */ = {
			isa = PBXShellScriptBuildPhase;
			buildActionMask = 2147483647;
			files = (
			);
			inputFileListPaths = (
			);
			inputPaths = (
				"${PODS_PODFILE_DIR_PATH}/Podfile.lock",
				"${PODS_ROOT}/Manifest.lock",
			);
			name = "[CP] Check Pods Manifest.lock";
			outputFileListPaths = (
			);
			outputPaths = (
				"$(DERIVED_FILE_DIR)/Pods-TvMaze-TvMazeUITests-checkManifestLockResult.txt",
			);
			runOnlyForDeploymentPostprocessing = 0;
			shellPath = /bin/sh;
			shellScript = "diff \"${PODS_PODFILE_DIR_PATH}/Podfile.lock\" \"${PODS_ROOT}/Manifest.lock\" > /dev/null\nif [ $? != 0 ] ; then\n    # print error to STDERR\n    echo \"error: The sandbox is not in sync with the Podfile.lock. Run 'pod install' or update your CocoaPods installation.\" >&2\n    exit 1\nfi\n# This output is used by Xcode 'outputs' to avoid re-running this script phase.\necho \"SUCCESS\" > \"${SCRIPT_OUTPUT_FILE_0}\"\n";
			showEnvVarsInLog = 0;
		};
		4307DA2E3753AEBA6512036F /* [CP] Check Pods Manifest.lock */ = {
			isa = PBXShellScriptBuildPhase;
			buildActionMask = 2147483647;
			files = (
			);
			inputFileListPaths = (
			);
			inputPaths = (
				"${PODS_PODFILE_DIR_PATH}/Podfile.lock",
				"${PODS_ROOT}/Manifest.lock",
			);
			name = "[CP] Check Pods Manifest.lock";
			outputFileListPaths = (
			);
			outputPaths = (
				"$(DERIVED_FILE_DIR)/Pods-TvMazeTests-checkManifestLockResult.txt",
			);
			runOnlyForDeploymentPostprocessing = 0;
			shellPath = /bin/sh;
			shellScript = "diff \"${PODS_PODFILE_DIR_PATH}/Podfile.lock\" \"${PODS_ROOT}/Manifest.lock\" > /dev/null\nif [ $? != 0 ] ; then\n    # print error to STDERR\n    echo \"error: The sandbox is not in sync with the Podfile.lock. Run 'pod install' or update your CocoaPods installation.\" >&2\n    exit 1\nfi\n# This output is used by Xcode 'outputs' to avoid re-running this script phase.\necho \"SUCCESS\" > \"${SCRIPT_OUTPUT_FILE_0}\"\n";
			showEnvVarsInLog = 0;
		};
		873B5C8E53777C393A167F2E /* [CP] Embed Pods Frameworks */ = {
			isa = PBXShellScriptBuildPhase;
			buildActionMask = 2147483647;
			files = (
			);
			inputFileListPaths = (
				"${PODS_ROOT}/Target Support Files/Pods-TvMaze/Pods-TvMaze-frameworks-${CONFIGURATION}-input-files.xcfilelist",
			);
			name = "[CP] Embed Pods Frameworks";
			outputFileListPaths = (
				"${PODS_ROOT}/Target Support Files/Pods-TvMaze/Pods-TvMaze-frameworks-${CONFIGURATION}-output-files.xcfilelist",
			);
			runOnlyForDeploymentPostprocessing = 0;
			shellPath = /bin/sh;
			shellScript = "\"${PODS_ROOT}/Target Support Files/Pods-TvMaze/Pods-TvMaze-frameworks.sh\"\n";
			showEnvVarsInLog = 0;
		};
		F7B2B18CBFBDC1ABD9C766F2 /* [CP] Check Pods Manifest.lock */ = {
			isa = PBXShellScriptBuildPhase;
			buildActionMask = 2147483647;
			files = (
			);
			inputFileListPaths = (
			);
			inputPaths = (
				"${PODS_PODFILE_DIR_PATH}/Podfile.lock",
				"${PODS_ROOT}/Manifest.lock",
			);
			name = "[CP] Check Pods Manifest.lock";
			outputFileListPaths = (
			);
			outputPaths = (
				"$(DERIVED_FILE_DIR)/Pods-TvMaze-checkManifestLockResult.txt",
			);
			runOnlyForDeploymentPostprocessing = 0;
			shellPath = /bin/sh;
			shellScript = "diff \"${PODS_PODFILE_DIR_PATH}/Podfile.lock\" \"${PODS_ROOT}/Manifest.lock\" > /dev/null\nif [ $? != 0 ] ; then\n    # print error to STDERR\n    echo \"error: The sandbox is not in sync with the Podfile.lock. Run 'pod install' or update your CocoaPods installation.\" >&2\n    exit 1\nfi\n# This output is used by Xcode 'outputs' to avoid re-running this script phase.\necho \"SUCCESS\" > \"${SCRIPT_OUTPUT_FILE_0}\"\n";
			showEnvVarsInLog = 0;
		};
		F94D9AC9F5A8F4A12EC99F13 /* [CP] Embed Pods Frameworks */ = {
			isa = PBXShellScriptBuildPhase;
			buildActionMask = 2147483647;
			files = (
			);
			inputFileListPaths = (
				"${PODS_ROOT}/Target Support Files/Pods-TvMazeTests/Pods-TvMazeTests-frameworks-${CONFIGURATION}-input-files.xcfilelist",
			);
			name = "[CP] Embed Pods Frameworks";
			outputFileListPaths = (
				"${PODS_ROOT}/Target Support Files/Pods-TvMazeTests/Pods-TvMazeTests-frameworks-${CONFIGURATION}-output-files.xcfilelist",
			);
			runOnlyForDeploymentPostprocessing = 0;
			shellPath = /bin/sh;
			shellScript = "\"${PODS_ROOT}/Target Support Files/Pods-TvMazeTests/Pods-TvMazeTests-frameworks.sh\"\n";
			showEnvVarsInLog = 0;
		};
/* End PBXShellScriptBuildPhase section */

/* Begin PBXSourcesBuildPhase section */
		4BDD70D22991C203001FA9D6 /* Sources */ = {
			isa = PBXSourcesBuildPhase;
			buildActionMask = 2147483647;
			files = (
				4B66D42E29921C0400963444 /* TvShowDetailViewModel.swift in Sources */,
				4BAC2F08299353D500BE64E6 /* PeopleListViewController.swift in Sources */,
				4BAC2F13299359C600BE64E6 /* PeopleTableViewCell.swift in Sources */,
				4BAC2F0A299353E600BE64E6 /* PeopleListViewModel.swift in Sources */,
				4B66D4292991EE5200963444 /* UIImageViewExtensions.swift in Sources */,
				4B66D40E2991D6F100963444 /* ShowsRouter.swift in Sources */,
				4BAC2EFF2992DEAA00BE64E6 /* String+DecodingExtension.swift in Sources */,
				4BAC2F042992EA9A00BE64E6 /* EpisodeDetailViewController.swift in Sources */,
				4BAC2F0D2993541000BE64E6 /* PeopleRouter.swift in Sources */,
				4B4C88522992A5AD0042558D /* ShowDetailTableViewCell.swift in Sources */,
				4B66D41A2991DB4900963444 /* TvMazeLoadableViewModel.swift in Sources */,
				4BDD70DA2991C203001FA9D6 /* AppDelegate.swift in Sources */,
				4BAC2F172993EA2800BE64E6 /* PersonDetailViewController.swift in Sources */,
				4B4C88572992DAA10042558D /* ShowDetailCellsDataSource.swift in Sources */,
				4B66D4102991DA9300963444 /* TvMazeShowListViewController.swift in Sources */,
				4B4C88552992B2360042558D /* Reactive+UIViewController.swift in Sources */,
				4B030D8A29949586000AE3AD /* FavoriteRouter.swift in Sources */,
				4B030D8729949556000AE3AD /* FavoritesViewModel.swift in Sources */,
				4B66D41C2991DB5700963444 /* TvMazeBaseViewController.swift in Sources */,
				4BAC2F022992EA8C00BE64E6 /* EpisodeDetailViewModel.swift in Sources */,
				4B09D4272991C99300E01DE7 /* TvMazeService.swift in Sources */,
				4B66D41E2991DB6100963444 /* TvMazeBaseViewModel.swift in Sources */,
				4B66D40C2991D6BF00963444 /* TvMazeStarter.swift in Sources */,
				4B66D4182991DB3B00963444 /* TvMazeViewControllerProtocol.swift in Sources */,
				4BAC2EFC2992DC3200BE64E6 /* ShowDetailHeaderTableViewCell.swift in Sources */,
				4B66D4162991DB2A00963444 /* TvMazeViewModelProtocol.swift in Sources */,
				4BF9CDE329952AE000DCE25C /* Reactive+UITableViewCell.swift in Sources */,
				4B030D8E29949800000AE3AD /* FavoritesUserDefaultsManager.swift in Sources */,
				4BAC2F192993EA3100BE64E6 /* PersonDetailViewModel.swift in Sources */,
				4B66D42C29921BD300963444 /* TvShowDetailViewController.swift in Sources */,
				4B09D42A2991CEEC00E01DE7 /* TvMazeShowModel.swift in Sources */,
				4B66D4122991DAA000963444 /* TvMazeShowListViewModel.swift in Sources */,
				4B030D852994954E000AE3AD /* FavoritesViewController.swift in Sources */,
				4B66D4252991E82200963444 /* ShowListTableViewCell.swift in Sources */,
			);
			runOnlyForDeploymentPostprocessing = 0;
		};
		4BDD70E82991C205001FA9D6 /* Sources */ = {
			isa = PBXSourcesBuildPhase;
			buildActionMask = 2147483647;
			files = (
				4BDD70F12991C205001FA9D6 /* TvMazeTests.swift in Sources */,
			);
			runOnlyForDeploymentPostprocessing = 0;
		};
		4BDD70F22991C205001FA9D6 /* Sources */ = {
			isa = PBXSourcesBuildPhase;
			buildActionMask = 2147483647;
			files = (
				4BDD70FB2991C205001FA9D6 /* TvMazeUITests.swift in Sources */,
				4BDD70FD2991C205001FA9D6 /* TvMazeUITestsLaunchTests.swift in Sources */,
			);
			runOnlyForDeploymentPostprocessing = 0;
		};
/* End PBXSourcesBuildPhase section */

/* Begin PBXTargetDependency section */
		4BDD70EE2991C205001FA9D6 /* PBXTargetDependency */ = {
			isa = PBXTargetDependency;
			target = 4BDD70D52991C203001FA9D6 /* TvMaze */;
			targetProxy = 4BDD70ED2991C205001FA9D6 /* PBXContainerItemProxy */;
		};
		4BDD70F82991C205001FA9D6 /* PBXTargetDependency */ = {
			isa = PBXTargetDependency;
			target = 4BDD70D52991C203001FA9D6 /* TvMaze */;
			targetProxy = 4BDD70F72991C205001FA9D6 /* PBXContainerItemProxy */;
		};
/* End PBXTargetDependency section */

/* Begin PBXVariantGroup section */
		4BDD70DF2991C203001FA9D6 /* Main.storyboard */ = {
			isa = PBXVariantGroup;
			children = (
				4BDD70E02991C203001FA9D6 /* Base */,
			);
			name = Main.storyboard;
			sourceTree = "<group>";
		};
		4BDD70E42991C205001FA9D6 /* LaunchScreen.storyboard */ = {
			isa = PBXVariantGroup;
			children = (
				4BDD70E52991C205001FA9D6 /* Base */,
			);
			name = LaunchScreen.storyboard;
			sourceTree = "<group>";
		};
/* End PBXVariantGroup section */

/* Begin XCBuildConfiguration section */
		4BDD70FE2991C205001FA9D6 /* Debug */ = {
			isa = XCBuildConfiguration;
			buildSettings = {
				ALWAYS_SEARCH_USER_PATHS = NO;
				CLANG_ANALYZER_NONNULL = YES;
				CLANG_ANALYZER_NUMBER_OBJECT_CONVERSION = YES_AGGRESSIVE;
				CLANG_CXX_LANGUAGE_STANDARD = "gnu++20";
				CLANG_ENABLE_MODULES = YES;
				CLANG_ENABLE_OBJC_ARC = YES;
				CLANG_ENABLE_OBJC_WEAK = YES;
				CLANG_WARN_BLOCK_CAPTURE_AUTORELEASING = YES;
				CLANG_WARN_BOOL_CONVERSION = YES;
				CLANG_WARN_COMMA = YES;
				CLANG_WARN_CONSTANT_CONVERSION = YES;
				CLANG_WARN_DEPRECATED_OBJC_IMPLEMENTATIONS = YES;
				CLANG_WARN_DIRECT_OBJC_ISA_USAGE = YES_ERROR;
				CLANG_WARN_DOCUMENTATION_COMMENTS = YES;
				CLANG_WARN_EMPTY_BODY = YES;
				CLANG_WARN_ENUM_CONVERSION = YES;
				CLANG_WARN_INFINITE_RECURSION = YES;
				CLANG_WARN_INT_CONVERSION = YES;
				CLANG_WARN_NON_LITERAL_NULL_CONVERSION = YES;
				CLANG_WARN_OBJC_IMPLICIT_RETAIN_SELF = YES;
				CLANG_WARN_OBJC_LITERAL_CONVERSION = YES;
				CLANG_WARN_OBJC_ROOT_CLASS = YES_ERROR;
				CLANG_WARN_QUOTED_INCLUDE_IN_FRAMEWORK_HEADER = YES;
				CLANG_WARN_RANGE_LOOP_ANALYSIS = YES;
				CLANG_WARN_STRICT_PROTOTYPES = YES;
				CLANG_WARN_SUSPICIOUS_MOVE = YES;
				CLANG_WARN_UNGUARDED_AVAILABILITY = YES_AGGRESSIVE;
				CLANG_WARN_UNREACHABLE_CODE = YES;
				CLANG_WARN__DUPLICATE_METHOD_MATCH = YES;
				COPY_PHASE_STRIP = NO;
				DEBUG_INFORMATION_FORMAT = dwarf;
				ENABLE_STRICT_OBJC_MSGSEND = YES;
				ENABLE_TESTABILITY = YES;
				GCC_C_LANGUAGE_STANDARD = gnu11;
				GCC_DYNAMIC_NO_PIC = NO;
				GCC_NO_COMMON_BLOCKS = YES;
				GCC_OPTIMIZATION_LEVEL = 0;
				GCC_PREPROCESSOR_DEFINITIONS = (
					"DEBUG=1",
					"$(inherited)",
				);
				GCC_WARN_64_TO_32_BIT_CONVERSION = YES;
				GCC_WARN_ABOUT_RETURN_TYPE = YES_ERROR;
				GCC_WARN_UNDECLARED_SELECTOR = YES;
				GCC_WARN_UNINITIALIZED_AUTOS = YES_AGGRESSIVE;
				GCC_WARN_UNUSED_FUNCTION = YES;
				GCC_WARN_UNUSED_VARIABLE = YES;
				IPHONEOS_DEPLOYMENT_TARGET = 16.0;
				MTL_ENABLE_DEBUG_INFO = INCLUDE_SOURCE;
				MTL_FAST_MATH = YES;
				ONLY_ACTIVE_ARCH = YES;
				SDKROOT = iphoneos;
				SWIFT_ACTIVE_COMPILATION_CONDITIONS = DEBUG;
				SWIFT_OPTIMIZATION_LEVEL = "-Onone";
			};
			name = Debug;
		};
		4BDD70FF2991C205001FA9D6 /* Release */ = {
			isa = XCBuildConfiguration;
			buildSettings = {
				ALWAYS_SEARCH_USER_PATHS = NO;
				CLANG_ANALYZER_NONNULL = YES;
				CLANG_ANALYZER_NUMBER_OBJECT_CONVERSION = YES_AGGRESSIVE;
				CLANG_CXX_LANGUAGE_STANDARD = "gnu++20";
				CLANG_ENABLE_MODULES = YES;
				CLANG_ENABLE_OBJC_ARC = YES;
				CLANG_ENABLE_OBJC_WEAK = YES;
				CLANG_WARN_BLOCK_CAPTURE_AUTORELEASING = YES;
				CLANG_WARN_BOOL_CONVERSION = YES;
				CLANG_WARN_COMMA = YES;
				CLANG_WARN_CONSTANT_CONVERSION = YES;
				CLANG_WARN_DEPRECATED_OBJC_IMPLEMENTATIONS = YES;
				CLANG_WARN_DIRECT_OBJC_ISA_USAGE = YES_ERROR;
				CLANG_WARN_DOCUMENTATION_COMMENTS = YES;
				CLANG_WARN_EMPTY_BODY = YES;
				CLANG_WARN_ENUM_CONVERSION = YES;
				CLANG_WARN_INFINITE_RECURSION = YES;
				CLANG_WARN_INT_CONVERSION = YES;
				CLANG_WARN_NON_LITERAL_NULL_CONVERSION = YES;
				CLANG_WARN_OBJC_IMPLICIT_RETAIN_SELF = YES;
				CLANG_WARN_OBJC_LITERAL_CONVERSION = YES;
				CLANG_WARN_OBJC_ROOT_CLASS = YES_ERROR;
				CLANG_WARN_QUOTED_INCLUDE_IN_FRAMEWORK_HEADER = YES;
				CLANG_WARN_RANGE_LOOP_ANALYSIS = YES;
				CLANG_WARN_STRICT_PROTOTYPES = YES;
				CLANG_WARN_SUSPICIOUS_MOVE = YES;
				CLANG_WARN_UNGUARDED_AVAILABILITY = YES_AGGRESSIVE;
				CLANG_WARN_UNREACHABLE_CODE = YES;
				CLANG_WARN__DUPLICATE_METHOD_MATCH = YES;
				COPY_PHASE_STRIP = NO;
				DEBUG_INFORMATION_FORMAT = "dwarf-with-dsym";
				ENABLE_NS_ASSERTIONS = NO;
				ENABLE_STRICT_OBJC_MSGSEND = YES;
				GCC_C_LANGUAGE_STANDARD = gnu11;
				GCC_NO_COMMON_BLOCKS = YES;
				GCC_WARN_64_TO_32_BIT_CONVERSION = YES;
				GCC_WARN_ABOUT_RETURN_TYPE = YES_ERROR;
				GCC_WARN_UNDECLARED_SELECTOR = YES;
				GCC_WARN_UNINITIALIZED_AUTOS = YES_AGGRESSIVE;
				GCC_WARN_UNUSED_FUNCTION = YES;
				GCC_WARN_UNUSED_VARIABLE = YES;
				IPHONEOS_DEPLOYMENT_TARGET = 16.0;
				MTL_ENABLE_DEBUG_INFO = NO;
				MTL_FAST_MATH = YES;
				SDKROOT = iphoneos;
				SWIFT_COMPILATION_MODE = wholemodule;
				SWIFT_OPTIMIZATION_LEVEL = "-O";
				VALIDATE_PRODUCT = YES;
			};
			name = Release;
		};
		4BDD71012991C205001FA9D6 /* Debug */ = {
			isa = XCBuildConfiguration;
			baseConfigurationReference = 13C51A093B2CFA853EAEC78F /* Pods-TvMaze.debug.xcconfig */;
			buildSettings = {
				ASSETCATALOG_COMPILER_APPICON_NAME = AppIcon;
				ASSETCATALOG_COMPILER_GLOBAL_ACCENT_COLOR_NAME = AccentColor;
				CODE_SIGN_STYLE = Automatic;
				CURRENT_PROJECT_VERSION = 1;
				DEVELOPMENT_TEAM = 455FFD62PL;
				GENERATE_INFOPLIST_FILE = YES;
				INFOPLIST_FILE = TvMaze/Info.plist;
				INFOPLIST_KEY_UIApplicationSupportsIndirectInputEvents = YES;
				INFOPLIST_KEY_UILaunchStoryboardName = "";
				INFOPLIST_KEY_UIMainStoryboardFile = Main;
				INFOPLIST_KEY_UISupportedInterfaceOrientations_iPad = "UIInterfaceOrientationPortrait UIInterfaceOrientationPortraitUpsideDown UIInterfaceOrientationLandscapeLeft UIInterfaceOrientationLandscapeRight";
				INFOPLIST_KEY_UISupportedInterfaceOrientations_iPhone = "UIInterfaceOrientationPortrait UIInterfaceOrientationLandscapeLeft UIInterfaceOrientationLandscapeRight";
				LD_RUNPATH_SEARCH_PATHS = (
					"$(inherited)",
					"@executable_path/Frameworks",
				);
				MARKETING_VERSION = 1.0;
				PRODUCT_BUNDLE_IDENTIFIER = com.TvMaze;
				PRODUCT_NAME = "$(TARGET_NAME)";
				SWIFT_EMIT_LOC_STRINGS = YES;
				SWIFT_VERSION = 5.0;
				TARGETED_DEVICE_FAMILY = "1,2";
			};
			name = Debug;
		};
		4BDD71022991C205001FA9D6 /* Release */ = {
			isa = XCBuildConfiguration;
			baseConfigurationReference = E5E3BB034C3A29DDACD69C28 /* Pods-TvMaze.release.xcconfig */;
			buildSettings = {
				ASSETCATALOG_COMPILER_APPICON_NAME = AppIcon;
				ASSETCATALOG_COMPILER_GLOBAL_ACCENT_COLOR_NAME = AccentColor;
				CODE_SIGN_STYLE = Automatic;
				CURRENT_PROJECT_VERSION = 1;
				DEVELOPMENT_TEAM = 455FFD62PL;
				GENERATE_INFOPLIST_FILE = YES;
				INFOPLIST_FILE = TvMaze/Info.plist;
				INFOPLIST_KEY_UIApplicationSupportsIndirectInputEvents = YES;
				INFOPLIST_KEY_UILaunchStoryboardName = "";
				INFOPLIST_KEY_UIMainStoryboardFile = Main;
				INFOPLIST_KEY_UISupportedInterfaceOrientations_iPad = "UIInterfaceOrientationPortrait UIInterfaceOrientationPortraitUpsideDown UIInterfaceOrientationLandscapeLeft UIInterfaceOrientationLandscapeRight";
				INFOPLIST_KEY_UISupportedInterfaceOrientations_iPhone = "UIInterfaceOrientationPortrait UIInterfaceOrientationLandscapeLeft UIInterfaceOrientationLandscapeRight";
				LD_RUNPATH_SEARCH_PATHS = (
					"$(inherited)",
					"@executable_path/Frameworks",
				);
				MARKETING_VERSION = 1.0;
				PRODUCT_BUNDLE_IDENTIFIER = com.TvMaze;
				PRODUCT_NAME = "$(TARGET_NAME)";
				SWIFT_EMIT_LOC_STRINGS = YES;
				SWIFT_VERSION = 5.0;
				TARGETED_DEVICE_FAMILY = "1,2";
			};
			name = Release;
		};
		4BDD71042991C205001FA9D6 /* Debug */ = {
			isa = XCBuildConfiguration;
			baseConfigurationReference = 9A03FB72DC26E0B69B5ADCA7 /* Pods-TvMazeTests.debug.xcconfig */;
			buildSettings = {
				ALWAYS_EMBED_SWIFT_STANDARD_LIBRARIES = YES;
				BUNDLE_LOADER = "$(TEST_HOST)";
				CODE_SIGN_STYLE = Automatic;
				CURRENT_PROJECT_VERSION = 1;
				DEVELOPMENT_TEAM = 455FFD62PL;
				GENERATE_INFOPLIST_FILE = YES;
				IPHONEOS_DEPLOYMENT_TARGET = 16.0;
				MARKETING_VERSION = 1.0;
				PRODUCT_BUNDLE_IDENTIFIER = com.TvMazeTests;
				PRODUCT_NAME = "$(TARGET_NAME)";
				SWIFT_EMIT_LOC_STRINGS = NO;
				SWIFT_VERSION = 5.0;
				TARGETED_DEVICE_FAMILY = "1,2";
				TEST_HOST = "$(BUILT_PRODUCTS_DIR)/TvMaze.app/$(BUNDLE_EXECUTABLE_FOLDER_PATH)/TvMaze";
			};
			name = Debug;
		};
		4BDD71052991C205001FA9D6 /* Release */ = {
			isa = XCBuildConfiguration;
			baseConfigurationReference = C808180CEF5E463913A32FD2 /* Pods-TvMazeTests.release.xcconfig */;
			buildSettings = {
				ALWAYS_EMBED_SWIFT_STANDARD_LIBRARIES = YES;
				BUNDLE_LOADER = "$(TEST_HOST)";
				CODE_SIGN_STYLE = Automatic;
				CURRENT_PROJECT_VERSION = 1;
				DEVELOPMENT_TEAM = 455FFD62PL;
				GENERATE_INFOPLIST_FILE = YES;
				IPHONEOS_DEPLOYMENT_TARGET = 16.0;
				MARKETING_VERSION = 1.0;
				PRODUCT_BUNDLE_IDENTIFIER = com.TvMazeTests;
				PRODUCT_NAME = "$(TARGET_NAME)";
				SWIFT_EMIT_LOC_STRINGS = NO;
				SWIFT_VERSION = 5.0;
				TARGETED_DEVICE_FAMILY = "1,2";
				TEST_HOST = "$(BUILT_PRODUCTS_DIR)/TvMaze.app/$(BUNDLE_EXECUTABLE_FOLDER_PATH)/TvMaze";
			};
			name = Release;
		};
		4BDD71072991C205001FA9D6 /* Debug */ = {
			isa = XCBuildConfiguration;
			baseConfigurationReference = DAE3036D3BC0653094EB3039 /* Pods-TvMaze-TvMazeUITests.debug.xcconfig */;
			buildSettings = {
				ALWAYS_EMBED_SWIFT_STANDARD_LIBRARIES = YES;
				CODE_SIGN_STYLE = Automatic;
				CURRENT_PROJECT_VERSION = 1;
				DEVELOPMENT_TEAM = 455FFD62PL;
				GENERATE_INFOPLIST_FILE = YES;
				MARKETING_VERSION = 1.0;
				PRODUCT_BUNDLE_IDENTIFIER = com.TvMazeUITests;
				PRODUCT_NAME = "$(TARGET_NAME)";
				SWIFT_EMIT_LOC_STRINGS = NO;
				SWIFT_VERSION = 5.0;
				TARGETED_DEVICE_FAMILY = "1,2";
				TEST_TARGET_NAME = TvMaze;
			};
			name = Debug;
		};
		4BDD71082991C205001FA9D6 /* Release */ = {
			isa = XCBuildConfiguration;
			baseConfigurationReference = 81D06E82FE36DC26565E0FF3 /* Pods-TvMaze-TvMazeUITests.release.xcconfig */;
			buildSettings = {
				ALWAYS_EMBED_SWIFT_STANDARD_LIBRARIES = YES;
				CODE_SIGN_STYLE = Automatic;
				CURRENT_PROJECT_VERSION = 1;
				DEVELOPMENT_TEAM = 455FFD62PL;
				GENERATE_INFOPLIST_FILE = YES;
				MARKETING_VERSION = 1.0;
				PRODUCT_BUNDLE_IDENTIFIER = com.TvMazeUITests;
				PRODUCT_NAME = "$(TARGET_NAME)";
				SWIFT_EMIT_LOC_STRINGS = NO;
				SWIFT_VERSION = 5.0;
				TARGETED_DEVICE_FAMILY = "1,2";
				TEST_TARGET_NAME = TvMaze;
			};
			name = Release;
		};
/* End XCBuildConfiguration section */

/* Begin XCConfigurationList section */
		4BDD70D12991C202001FA9D6 /* Build configuration list for PBXProject "TvMaze" */ = {
			isa = XCConfigurationList;
			buildConfigurations = (
				4BDD70FE2991C205001FA9D6 /* Debug */,
				4BDD70FF2991C205001FA9D6 /* Release */,
			);
			defaultConfigurationIsVisible = 0;
			defaultConfigurationName = Release;
		};
		4BDD71002991C205001FA9D6 /* Build configuration list for PBXNativeTarget "TvMaze" */ = {
			isa = XCConfigurationList;
			buildConfigurations = (
				4BDD71012991C205001FA9D6 /* Debug */,
				4BDD71022991C205001FA9D6 /* Release */,
			);
			defaultConfigurationIsVisible = 0;
			defaultConfigurationName = Release;
		};
		4BDD71032991C205001FA9D6 /* Build configuration list for PBXNativeTarget "TvMazeTests" */ = {
			isa = XCConfigurationList;
			buildConfigurations = (
				4BDD71042991C205001FA9D6 /* Debug */,
				4BDD71052991C205001FA9D6 /* Release */,
			);
			defaultConfigurationIsVisible = 0;
			defaultConfigurationName = Release;
		};
		4BDD71062991C205001FA9D6 /* Build configuration list for PBXNativeTarget "TvMazeUITests" */ = {
			isa = XCConfigurationList;
			buildConfigurations = (
				4BDD71072991C205001FA9D6 /* Debug */,
				4BDD71082991C205001FA9D6 /* Release */,
			);
			defaultConfigurationIsVisible = 0;
			defaultConfigurationName = Release;
		};
/* End XCConfigurationList section */
	};
	rootObject = 4BDD70CE2991C202001FA9D6 /* Project object */;
}
